
Microsoft Visual Studio Solution File, Format Version 12.00
# Visual Studio Version 17
VisualStudioVersion = 17.4.33213.308
MinimumVisualStudioVersion = 10.0.40219.1
Project("{FAE04EC0-301F-11D3-BF4B-00C04F79EFBC}") = "05_Mvc_Core_Ado_Net", "05_Mvc_Core_Ado_Net\05_Mvc_Core_Ado_Net.csproj", "{17686CCB-C179-4387-A94A-39ED188BD159}"
EndProject
Global
	GlobalSection(SolutionConfigurationPlatforms) = preSolution
		Debug|Any CPU = Debug|Any CPU
		Release|Any CPU = Release|Any CPU
	EndGlobalSection
	GlobalSection(ProjectConfigurationPlatforms) = postSolution
		{17686CCB-C179-4387-A94A-39ED188BD159}.Debug|Any CPU.ActiveCfg = Debug|Any CPU
		{17686CCB-C179-4387-A94A-39ED188BD159}.Debug|Any CPU.Build.0 = Debug|Any CPU
		{17686CCB-C179-4387-A94A-39ED188BD159}.Release|Any CPU.ActiveCfg = Release|Any CPU
		{17686CCB-C179-4387-A94A-39ED188BD159}.Release|Any CPU.Build.0 = Release|Any CPU
	EndGlobalSection
	GlobalSection(SolutionProperties) = preSolution
		HideSolutionNode = FALSE
	EndGlobalSection
	GlobalSection(ExtensibilityGlobals) = postSolution
		SolutionGuid = {7568B696-61C3-4244-B8EB-BA28D9763F2E}
	EndGlobalSection
EndGlobal
